
Microsoft Visual Studio Solution File, Format Version 12.00
# Visual Studio Version 16
VisualStudioVersion = 16.0.31313.79
MinimumVisualStudioVersion = 10.0.40219.1
Project("{FAE04EC0-301F-11D3-BF4B-00C04F79EFBC}") = "Travelers little helper", "Travelers little helper\Travelers little helper.csproj", "{58AF67B5-B492-4A7D-A48F-EFD972789699}"
EndProject
Project("{FAE04EC0-301F-11D3-BF4B-00C04F79EFBC}") = "Travelers.BL", "Travelers.BL\Travelers.BL.csproj", "{9BE41A1B-671E-47B1-A1DA-DE2A517613FF}"
EndProject
Global
	GlobalSection(SolutionConfigurationPlatforms) = preSolution
		Debug|Any CPU = Debug|Any CPU
		Release|Any CPU = Release|Any CPU
	EndGlobalSection
	GlobalSection(ProjectConfigurationPlatforms) = postSolution
		{58AF67B5-B492-4A7D-A48F-EFD972789699}.Debug|Any CPU.ActiveCfg = Debug|Any CPU
		{58AF67B5-B492-4A7D-A48F-EFD972789699}.Debug|Any CPU.Build.0 = Debug|Any CPU
		{58AF67B5-B492-4A7D-A48F-EFD972789699}.Release|Any CPU.ActiveCfg = Release|Any CPU
		{58AF67B5-B492-4A7D-A48F-EFD972789699}.Release|Any CPU.Build.0 = Release|Any CPU
		{9BE41A1B-671E-47B1-A1DA-DE2A517613FF}.Debug|Any CPU.ActiveCfg = Debug|Any CPU
		{9BE41A1B-671E-47B1-A1DA-DE2A517613FF}.Debug|Any CPU.Build.0 = Debug|Any CPU
		{9BE41A1B-671E-47B1-A1DA-DE2A517613FF}.Release|Any CPU.ActiveCfg = Release|Any CPU
		{9BE41A1B-671E-47B1-A1DA-DE2A517613FF}.Release|Any CPU.Build.0 = Release|Any CPU
	EndGlobalSection
	GlobalSection(SolutionProperties) = preSolution
		HideSolutionNode = FALSE
	EndGlobalSection
	GlobalSection(ExtensibilityGlobals) = postSolution
		SolutionGuid = {53F62DD8-1593-4ECB-BE85-CEEEC8BCD3A4}
	EndGlobalSection
EndGlobal
